if [ -f "/home/runner/work/Pebscicle/Pebscicle/yarn.lock" ]; then
    echo "Using Yarn"
    # Add your Yarn commands here
elif [ -f "/home/runner/work/Pebscicle/Pebscicle/package-lock.json" ]; then
    echo "Using npm"
    # Add your npm commands here
else
    echo "No package manager lock file found"
    # Handle the case where no lock file is found
fi